
Microsoft Visual Studio Solution File, Format Version 12.00
# Visual Studio Version 18
VisualStudioVersion = 18.8.12023.21 stable
MinimumVisualStudioVersion = 10.0.40219.1
Project("{FAE04EC0-301F-11D3-BF4B-00C04F79EFBC}") = "ChimeraProtocol", "ChimeraProtocol.csproj", "{D9B07A6B-3252-4F80-8F8B-D61991A6A886}"
EndProject
Project("{FAE04EC0-301F-11D3-BF4B-00C04F79EFBC}") = "ChimeraProtocol.Tests", "tests\ChimeraProtocol.Tests.csproj", "{9A9A13A2-B26A-50A8-9649-120B2D558E46}"
EndProject
Global
	GlobalSection(SolutionConfigurationPlatforms) = preSolution
		Debug|Any CPU = Debug|Any CPU
		Debug|x64 = Debug|x64
		Debug|x86 = Debug|x86
		Release|Any CPU = Release|Any CPU
		Release|x64 = Release|x64
		Release|x86 = Release|x86
	EndGlobalSection
	GlobalSection(ProjectConfigurationPlatforms) = postSolution
		{D9B07A6B-3252-4F80-8F8B-D61991A6A886}.Debug|Any CPU.ActiveCfg = Debug|Any CPU
		{D9B07A6B-3252-4F80-8F8B-D61991A6A886}.Debug|Any CPU.Build.0 = Debug|Any CPU
		{D9B07A6B-3252-4F80-8F8B-D61991A6A886}.Debug|x64.ActiveCfg = Debug|Any CPU
		{D9B07A6B-3252-4F80-8F8B-D61991A6A886}.Debug|x64.Build.0 = Debug|Any CPU
		{D9B07A6B-3252-4F80-8F8B-D61991A6A886}.Debug|x86.ActiveCfg = Debug|Any CPU
		{D9B07A6B-3252-4F80-8F8B-D61991A6A886}.Debug|x86.Build.0 = Debug|Any CPU
		{D9B07A6B-3252-4F80-8F8B-D61991A6A886}.Release|Any CPU.ActiveCfg = Debug|Any CPU
		{D9B07A6B-3252-4F80-8F8B-D61991A6A886}.Release|Any CPU.Build.0 = Debug|Any CPU
		{D9B07A6B-3252-4F80-8F8B-D61991A6A886}.Release|x64.ActiveCfg = Debug|Any CPU
		{D9B07A6B-3252-4F80-8F8B-D61991A6A886}.Release|x64.Build.0 = Debug|Any CPU
		{D9B07A6B-3252-4F80-8F8B-D61991A6A886}.Release|x86.ActiveCfg = Debug|Any CPU
		{D9B07A6B-3252-4F80-8F8B-D61991A6A886}.Release|x86.Build.0 = Debug|Any CPU
		{9A9A13A2-B26A-50A8-9649-120B2D558E46}.Debug|Any CPU.ActiveCfg = Debug|Any CPU
		{9A9A13A2-B26A-50A8-9649-120B2D558E46}.Debug|Any CPU.Build.0 = Debug|Any CPU
		{9A9A13A2-B26A-50A8-9649-120B2D558E46}.Debug|x64.ActiveCfg = Debug|Any CPU
		{9A9A13A2-B26A-50A8-9649-120B2D558E46}.Debug|x64.Build.0 = Debug|Any CPU
		{9A9A13A2-B26A-50A8-9649-120B2D558E46}.Debug|x86.ActiveCfg = Debug|Any CPU
		{9A9A13A2-B26A-50A8-9649-120B2D558E46}.Debug|x86.Build.0 = Debug|Any CPU
		{9A9A13A2-B26A-50A8-9649-120B2D558E46}.Release|Any CPU.ActiveCfg = Release|Any CPU
		{9A9A13A2-B26A-50A8-9649-120B2D558E46}.Release|Any CPU.Build.0 = Release|Any CPU
		{9A9A13A2-B26A-50A8-9649-120B2D558E46}.Release|x64.ActiveCfg = Release|Any CPU
		{9A9A13A2-B26A-50A8-9649-120B2D558E46}.Release|x64.Build.0 = Release|Any CPU
		{9A9A13A2-B26A-50A8-9649-120B2D558E46}.Release|x86.ActiveCfg = Release|Any CPU
		{9A9A13A2-B26A-50A8-9649-120B2D558E46}.Release|x86.Build.0 = Release|Any CPU
	EndGlobalSection
	GlobalSection(SolutionProperties) = preSolution
		HideSolutionNode = FALSE
	EndGlobalSection
EndGlobal
